hash: 8b547d2cdc6d9c5c060a3cdd31e0253d1271e2f6fa925de976aa1a3c33f00299
updated: 2018-01-06T12:09:00.07679318+08:00
imports:
- name: github.com/bitly/go-simplejson
  version: aabad6e819789e569bd6aabf444c935aa9ba1e44
- name: github.com/dgrijalva/jwt-go
  version: dbeaa9332f19a944acb5736b4456cfcc02140e29
- name: github.com/fsnotify/fsnotify
  version: 4da3e2cfbabc9f751898f250b49f2439785783a1
- name: github.com/go-playground/locales
  version: e4cbcb5d0652150d40ad0646651076b6bd2be4f6
  subpackages:
  - currency
- name: github.com/go-playground/universal-translator
  version: 71201497bace774495daed26a3874fd339e0b538
- name: github.com/go-sql-driver/mysql
  version: a0583e0143b1624142adab07e0e97fe106d99561
- name: github.com/hashicorp/hcl
  version: 23c074d0eceb2b8a5bfdbb271ab780cde70f05a8
  subpackages:
  - hcl/ast
  - hcl/parser
  - hcl/scanner
  - hcl/strconv
  - hcl/token
  - json/parser
  - json/scanner
  - json/token
- name: github.com/inconshreveable/mousetrap
  version: 76626ae9c91c4f2a10f34cad8ce83ea42c93bb75
- name: github.com/labstack/echo
  version: b338075a0fc6e1a0683dbf03d09b4957a289e26f
  subpackages:
  - middleware
- name: github.com/labstack/gommon
  version: 57409ada9da0f2afad6664c49502f8c50fbd8476
  subpackages:
  - bytes
  - color
  - log
  - random
- name: github.com/magiconair/properties
  version: 49d762b9817ba1c2e9d0c69183c2b4a8b8f1d934
- name: github.com/mattn/go-colorable
  version: 586e6dcca296d085100876beb6dbf02287a247f7
- name: github.com/mattn/go-isatty
  version: 6ca4dbf54d38eea1a992b3c722a76a5d1c4cb25c
- name: github.com/mattn/go-runewidth
  version: 97311d9f7767e3d6f422ea06661bc2c7a19e8a5d
- name: github.com/mitchellh/mapstructure
  version: 06020f85339e21b2478f756a78e295255ffa4d6a
- name: github.com/olekukonko/tablewriter
  version: 96aac992fc8b1a4c83841a6c3e7178d20d989625
- name: github.com/pelletier/go-toml
  version: 0131db6d737cfbbfb678f8b7d92e55e27ce46224
- name: github.com/shopspring/decimal
  version: 9ca7f51822d222ae4e246f070f9aad863599bd1a
- name: github.com/spf13/afero
  version: 57afd63c68602b63ed976de00dd066ccb3c319db
  subpackages:
  - mem
- name: github.com/spf13/cast
  version: acbeb36b902d72a7a4c18e8f3241075e7ab763e4
- name: github.com/spf13/cobra
  version: 7b2c5ac9fc04fc5efafb60700713d4fa609b777b
- name: github.com/spf13/jwalterweatherman
  version: 12bd96e66386c1960ab0f74ced1362f66f552f7b
- name: github.com/spf13/pflag
  version: 4c012f6dcd9546820e378d0bdda4d8fc772cdfea
- name: github.com/spf13/viper
  version: 25b30aa063fc18e48662b86996252eabdcf2f0c7
- name: github.com/valyala/bytebufferpool
  version: e746df99fe4a3986f4d4f79e13c1e0117ce9c2f7
- name: github.com/valyala/fasttemplate
  version: dcecefd839c4193db0d35b88ec65b4c12d360ab0
- name: go.uber.org/atomic
  version: 8474b86a5a6f79c443ce4b2992817ff32cf208b8
- name: go.uber.org/multierr
  version: 3c4937480c32f4c13a875a1829af76c98ca3d40a
- name: go.uber.org/zap
  version: 35aad584952c3e7020db7b839f6b102de6271f89
  subpackages:
  - buffer
  - internal/bufferpool
  - internal/color
  - internal/exit
  - zapcore
- name: golang.org/x/crypto
  version: 0fcca4842a8d74bfddc2c96a073bd2a4d2a7a2e8
  subpackages:
  - acme
  - acme/autocert
- name: golang.org/x/sys
  version: 12d9d5b28165b1684fdc69be47f71a36d85e9a2a
  subpackages:
  - unix
- name: golang.org/x/text
  version: e19ae1496984b1c655b8044a65c0300a3c878dd3
  subpackages:
  - transform
  - unicode/norm
- name: gopkg.in/go-playground/validator.v9
  version: 230db62e071d40171640c9deb875d46a3858d9dd
- name: gopkg.in/natefinch/lumberjack.v2
  version: a96e63847dc3c67d17befa69c303767e2f84e54f
- name: gopkg.in/yaml.v2
  version: 0e4404da71227dcc02fb1deee803d93e86d08f72
testImports: []
